
Microsoft Visual Studio Solution File, Format Version 12.00
# Visual Studio Version 17
VisualStudioVersion = 17.9.34607.119
MinimumVisualStudioVersion = 10.0.40219.1
Project("{9A19103F-16F7-4668-BE54-9A1E7A4F7556}") = "Techtore_API", "Techtore_API\Techtore_API.csproj", "{45711D86-0140-4C3D-B8E2-14ABB2DB77AA}"
EndProject
Project("{9A19103F-16F7-4668-BE54-9A1E7A4F7556}") = "_TechTore_DAL", "TechTore_DAL\_TechTore_DAL.csproj", "{6F555C51-50A5-4999-A03F-7D5DF19D2D52}"
EndProject
Project("{9A19103F-16F7-4668-BE54-9A1E7A4F7556}") = "_TechTore_BLL", "TechTore_BLL\_TechTore_BLL.csproj", "{219485C5-E4C0-4CCD-B0EE-EAC59A2D40F9}"
EndProject
Global
	GlobalSection(SolutionConfigurationPlatforms) = preSolution
		Debug|Any CPU = Debug|Any CPU
		Release|Any CPU = Release|Any CPU
	EndGlobalSection
	GlobalSection(ProjectConfigurationPlatforms) = postSolution
		{45711D86-0140-4C3D-B8E2-14ABB2DB77AA}.Debug|Any CPU.ActiveCfg = Debug|Any CPU
		{45711D86-0140-4C3D-B8E2-14ABB2DB77AA}.Debug|Any CPU.Build.0 = Debug|Any CPU
		{45711D86-0140-4C3D-B8E2-14ABB2DB77AA}.Release|Any CPU.ActiveCfg = Release|Any CPU
		{45711D86-0140-4C3D-B8E2-14ABB2DB77AA}.Release|Any CPU.Build.0 = Release|Any CPU
		{6F555C51-50A5-4999-A03F-7D5DF19D2D52}.Debug|Any CPU.ActiveCfg = Debug|Any CPU
		{6F555C51-50A5-4999-A03F-7D5DF19D2D52}.Debug|Any CPU.Build.0 = Debug|Any CPU
		{6F555C51-50A5-4999-A03F-7D5DF19D2D52}.Release|Any CPU.ActiveCfg = Release|Any CPU
		{6F555C51-50A5-4999-A03F-7D5DF19D2D52}.Release|Any CPU.Build.0 = Release|Any CPU
		{219485C5-E4C0-4CCD-B0EE-EAC59A2D40F9}.Debug|Any CPU.ActiveCfg = Debug|Any CPU
		{219485C5-E4C0-4CCD-B0EE-EAC59A2D40F9}.Debug|Any CPU.Build.0 = Debug|Any CPU
		{219485C5-E4C0-4CCD-B0EE-EAC59A2D40F9}.Release|Any CPU.ActiveCfg = Release|Any CPU
		{219485C5-E4C0-4CCD-B0EE-EAC59A2D40F9}.Release|Any CPU.Build.0 = Release|Any CPU
	EndGlobalSection
	GlobalSection(SolutionProperties) = preSolution
		HideSolutionNode = FALSE
	EndGlobalSection
	GlobalSection(ExtensibilityGlobals) = postSolution
		SolutionGuid = {7B58E7A4-937B-4EAF-910B-8CB7AAD2C340}
	EndGlobalSection
EndGlobal
